
Microsoft Visual Studio Solution File, Format Version 12.00
# Visual Studio 15
VisualStudioVersion = 15.0.28307.136
MinimumVisualStudioVersion = 10.0.40219.1
Project("{FAE04EC0-301F-11D3-BF4B-00C04F79EFBC}") = "PowerSecretary.Kernel", "PowerSecretary.Kernel\PowerSecretary.Kernel.csproj", "{BEDEF365-5B03-4FD5-88CF-4ED616CE9B93}"
EndProject
Project("{FAE04EC0-301F-11D3-BF4B-00C04F79EFBC}") = "PowerSecretary", "PowerSecretary\PowerSecretary.csproj", "{F9AA50C2-A004-4C48-B3C8-1ED23036589D}"
EndProject
Global
	GlobalSection(SolutionConfigurationPlatforms) = preSolution
		Debug|Any CPU = Debug|Any CPU
		Release|Any CPU = Release|Any CPU
	EndGlobalSection
	GlobalSection(ProjectConfigurationPlatforms) = postSolution
		{BEDEF365-5B03-4FD5-88CF-4ED616CE9B93}.Debug|Any CPU.ActiveCfg = Debug|Any CPU
		{BEDEF365-5B03-4FD5-88CF-4ED616CE9B93}.Debug|Any CPU.Build.0 = Debug|Any CPU
		{BEDEF365-5B03-4FD5-88CF-4ED616CE9B93}.Release|Any CPU.ActiveCfg = Release|Any CPU
		{BEDEF365-5B03-4FD5-88CF-4ED616CE9B93}.Release|Any CPU.Build.0 = Release|Any CPU
		{F9AA50C2-A004-4C48-B3C8-1ED23036589D}.Debug|Any CPU.ActiveCfg = Debug|Any CPU
		{F9AA50C2-A004-4C48-B3C8-1ED23036589D}.Debug|Any CPU.Build.0 = Debug|Any CPU
		{F9AA50C2-A004-4C48-B3C8-1ED23036589D}.Release|Any CPU.ActiveCfg = Release|Any CPU
		{F9AA50C2-A004-4C48-B3C8-1ED23036589D}.Release|Any CPU.Build.0 = Release|Any CPU
	EndGlobalSection
	GlobalSection(SolutionProperties) = preSolution
		HideSolutionNode = FALSE
	EndGlobalSection
	GlobalSection(ExtensibilityGlobals) = postSolution
		SolutionGuid = {6FD08171-24DC-46D0-9EA8-9FBB061D3D30}
	EndGlobalSection
EndGlobal
